
Microsoft Visual Studio Solution File, Format Version 12.00
# Visual Studio Version 17
VisualStudioVersion = 17.7.34003.232
MinimumVisualStudioVersion = 10.0.40219.1
Project("{9A19103F-16F7-4668-BE54-9A1E7A4F7556}") = "KafkaPlayground.Producer", "KafkaPlayground.Producer\KafkaPlayground.Producer.csproj", "{E08230F8-01C8-49EB-9B67-190AFC24878D}"
EndProject
Project("{9A19103F-16F7-4668-BE54-9A1E7A4F7556}") = "KafkaPlayground.Listener", "KafkaPlayground.Listener\KafkaPlayground.Listener.csproj", "{9BAD7A79-CBD4-499E-9FD8-6BF20F9228D8}"
EndProject
Project("{9A19103F-16F7-4668-BE54-9A1E7A4F7556}") = "KafkaPlayground.Api", "KafkaPlayground.Api\KafkaPlayground.Api.csproj", "{C3329570-C838-4AA8-B9E7-7EF33A93399C}"
EndProject
Project("{FAE04EC0-301F-11D3-BF4B-00C04F79EFBC}") = "KafkaPlayground.Configuration", "KafkaPlayground.Configuration\KafkaPlayground.Configuration.csproj", "{C1397FC2-FF04-40A8-92C3-D3A35B7CE4E0}"
EndProject
Project("{FAE04EC0-301F-11D3-BF4B-00C04F79EFBC}") = "KafkaPlayground.Listener2", "KafkaPlayground.Listener2\KafkaPlayground.Listener2.csproj", "{8021288E-FB33-4D10-834F-B9488D05A5AC}"
EndProject
Global
	GlobalSection(SolutionConfigurationPlatforms) = preSolution
		Debug|Any CPU = Debug|Any CPU
		Release|Any CPU = Release|Any CPU
	EndGlobalSection
	GlobalSection(ProjectConfigurationPlatforms) = postSolution
		{E08230F8-01C8-49EB-9B67-190AFC24878D}.Debug|Any CPU.ActiveCfg = Debug|Any CPU
		{E08230F8-01C8-49EB-9B67-190AFC24878D}.Debug|Any CPU.Build.0 = Debug|Any CPU
		{E08230F8-01C8-49EB-9B67-190AFC24878D}.Release|Any CPU.ActiveCfg = Release|Any CPU
		{E08230F8-01C8-49EB-9B67-190AFC24878D}.Release|Any CPU.Build.0 = Release|Any CPU
		{9BAD7A79-CBD4-499E-9FD8-6BF20F9228D8}.Debug|Any CPU.ActiveCfg = Debug|Any CPU
		{9BAD7A79-CBD4-499E-9FD8-6BF20F9228D8}.Debug|Any CPU.Build.0 = Debug|Any CPU
		{9BAD7A79-CBD4-499E-9FD8-6BF20F9228D8}.Release|Any CPU.ActiveCfg = Release|Any CPU
		{9BAD7A79-CBD4-499E-9FD8-6BF20F9228D8}.Release|Any CPU.Build.0 = Release|Any CPU
		{C3329570-C838-4AA8-B9E7-7EF33A93399C}.Debug|Any CPU.ActiveCfg = Debug|Any CPU
		{C3329570-C838-4AA8-B9E7-7EF33A93399C}.Debug|Any CPU.Build.0 = Debug|Any CPU
		{C3329570-C838-4AA8-B9E7-7EF33A93399C}.Release|Any CPU.ActiveCfg = Release|Any CPU
		{C3329570-C838-4AA8-B9E7-7EF33A93399C}.Release|Any CPU.Build.0 = Release|Any CPU
		{C1397FC2-FF04-40A8-92C3-D3A35B7CE4E0}.Debug|Any CPU.ActiveCfg = Debug|Any CPU
		{C1397FC2-FF04-40A8-92C3-D3A35B7CE4E0}.Debug|Any CPU.Build.0 = Debug|Any CPU
		{C1397FC2-FF04-40A8-92C3-D3A35B7CE4E0}.Release|Any CPU.ActiveCfg = Release|Any CPU
		{C1397FC2-FF04-40A8-92C3-D3A35B7CE4E0}.Release|Any CPU.Build.0 = Release|Any CPU
		{8021288E-FB33-4D10-834F-B9488D05A5AC}.Debug|Any CPU.ActiveCfg = Debug|Any CPU
		{8021288E-FB33-4D10-834F-B9488D05A5AC}.Debug|Any CPU.Build.0 = Debug|Any CPU
		{8021288E-FB33-4D10-834F-B9488D05A5AC}.Release|Any CPU.ActiveCfg = Release|Any CPU
		{8021288E-FB33-4D10-834F-B9488D05A5AC}.Release|Any CPU.Build.0 = Release|Any CPU
	EndGlobalSection
	GlobalSection(SolutionProperties) = preSolution
		HideSolutionNode = FALSE
	EndGlobalSection
	GlobalSection(ExtensibilityGlobals) = postSolution
		SolutionGuid = {6C97E1A1-0EF0-47BF-BC30-F2E09D7237DA}
	EndGlobalSection
EndGlobal
